# This file was autogenerated by Stack.
# You should not edit this file by hand.
# For more information, please see the documentation at:
#   https://docs.haskellstack.org/en/stable/lock_files

packages:
- completed:
    hackage: aosd-0.2.2@sha256:a5a2b6bdb751d3b0e90f6d7fe5ed23e6186de900c89c6d3e2d61ac16adf201ba,2284
    pantry-tree:
      size: 829
      sha256: e090dbe856845559c2a29b03c1a81a21316c402af21ca15723c8ff9514bca4a4
  original:
    hackage: aosd-0.2.2@sha256:a5a2b6bdb751d3b0e90f6d7fe5ed23e6186de900c89c6d3e2d61ac16adf201ba,2284
- completed:
    hackage: cairo-0.13.8.0@sha256:9b64a376ebaa4f153bba5866a32291fd4bed48147009cce9158ce6533928eba8,4075
    pantry-tree:
      size: 2830
      sha256: 07aeb4b5eaa1d8201f67f4b8011aaf182ceb4e558066e59d482485fc02895994
  original:
    hackage: cairo-0.13.8.0@sha256:9b64a376ebaa4f153bba5866a32291fd4bed48147009cce9158ce6533928eba8,4075
- completed:
    hackage: pango-0.13.8.0@sha256:690149ea2efb03c783937b69a5ec6ac854806146fd760e28e800634a6c2243c1,3897
    pantry-tree:
      size: 1506
      sha256: 328fc8a2e574379bfbc9b710270d3f6be7ed2c9bf5e10477a3256c0d2d362024
  original:
    hackage: pango-0.13.8.0@sha256:690149ea2efb03c783937b69a5ec6ac854806146fd760e28e800634a6c2243c1,3897
- completed:
    hackage: glib-0.13.8.0@sha256:97698bd054bad38756f3ef0220d7684f72e42660d261e9b118aa73419ce9207d,3136
    pantry-tree:
      size: 1625
      sha256: 1a9d5731f5a7e40da0e5a25e25fea9da259c720e8c0263da1c4836488b60b4c1
  original:
    hackage: glib-0.13.8.0@sha256:97698bd054bad38756f3ef0220d7684f72e42660d261e9b118aa73419ce9207d,3136
- completed:
    hackage: gtk2hs-buildtools-0.13.8.0@sha256:132f38155fc677430a47ea750918973161c876fb6f281d342ac2f07eb99229ce,5238
    pantry-tree:
      size: 3588
      sha256: 4552e3c0f2ef0f16285c38898d7e2b6aeea67d4e37cd203b0c82f70592096c45
  original:
    hackage: gtk2hs-buildtools-0.13.8.0@sha256:132f38155fc677430a47ea750918973161c876fb6f281d342ac2f07eb99229ce,5238
snapshots:
- completed:
    size: 491387
    url: https://raw.githubusercontent.com/commercialhaskell/stackage-snapshots/master/lts/15/6.yaml
    sha256: 8d81505a6de861e167a58534ab62330afb75bfa108735c7db1204f7ef2a39d79
  original: lts-15.6
